
Microsoft Visual Studio Solution File, Format Version 12.00
# Visual Studio Version 17
VisualStudioVersion = 17.9.34622.214
MinimumVisualStudioVersion = 10.0.40219.1
Project("{FAE04EC0-301F-11D3-BF4B-00C04F79EFBC}") = "Project 1.0 - Simple Calculator", "Project 1.0 - Simple Calculator\Project 1.0 - Simple Calculator.csproj", "{48EE38C9-BFBC-4F93-8F01-5C361B8F73B9}"
EndProject
Global
	GlobalSection(SolutionConfigurationPlatforms) = preSolution
		Debug|Any CPU = Debug|Any CPU
		Release|Any CPU = Release|Any CPU
	EndGlobalSection
	GlobalSection(ProjectConfigurationPlatforms) = postSolution
		{48EE38C9-BFBC-4F93-8F01-5C361B8F73B9}.Debug|Any CPU.ActiveCfg = Debug|Any CPU
		{48EE38C9-BFBC-4F93-8F01-5C361B8F73B9}.Debug|Any CPU.Build.0 = Debug|Any CPU
		{48EE38C9-BFBC-4F93-8F01-5C361B8F73B9}.Release|Any CPU.ActiveCfg = Release|Any CPU
		{48EE38C9-BFBC-4F93-8F01-5C361B8F73B9}.Release|Any CPU.Build.0 = Release|Any CPU
	EndGlobalSection
	GlobalSection(SolutionProperties) = preSolution
		HideSolutionNode = FALSE
	EndGlobalSection
	GlobalSection(ExtensibilityGlobals) = postSolution
		SolutionGuid = {C9D5EBB2-5E9B-4C8C-8527-9600009C3E99}
	EndGlobalSection
EndGlobal
